
Microsoft Visual Studio Solution File, Format Version 12.00
Project("{FAE04EC0-301F-11D3-BF4B-00C04F79EFBC}") = "AdminWatchServer", "AdminWatchServer\AdminWatchServer.csproj", "{280B72E1-1865-4BF9-808C-53D467DC33A4}"
EndProject
Global
	GlobalSection(SolutionConfigurationPlatforms) = preSolution
		Debug|Any CPU = Debug|Any CPU
		Release|Any CPU = Release|Any CPU
	EndGlobalSection
	GlobalSection(ProjectConfigurationPlatforms) = postSolution
		{280B72E1-1865-4BF9-808C-53D467DC33A4}.Debug|Any CPU.ActiveCfg = Debug|Any CPU
		{280B72E1-1865-4BF9-808C-53D467DC33A4}.Debug|Any CPU.Build.0 = Debug|Any CPU
		{280B72E1-1865-4BF9-808C-53D467DC33A4}.Release|Any CPU.ActiveCfg = Release|Any CPU
		{280B72E1-1865-4BF9-808C-53D467DC33A4}.Release|Any CPU.Build.0 = Release|Any CPU
	EndGlobalSection
EndGlobal
